
Microsoft Visual Studio Solution File, Format Version 12.00
# Visual Studio Version 17
VisualStudioVersion = 17.1.32328.378
MinimumVisualStudioVersion = 10.0.40219.1
Project("{FAE04EC0-301F-11D3-BF4B-00C04F79EFBC}") = "LinkedListDataStructure", "LinkedListDataStructure\LinkedListDataStructure.csproj", "{FF1D0EBB-67C9-41EA-84F3-AE22F440A053}"
EndProject
Global
	GlobalSection(SolutionConfigurationPlatforms) = preSolution
		Debug|Any CPU = Debug|Any CPU
		Release|Any CPU = Release|Any CPU
	EndGlobalSection
	GlobalSection(ProjectConfigurationPlatforms) = postSolution
		{FF1D0EBB-67C9-41EA-84F3-AE22F440A053}.Debug|Any CPU.ActiveCfg = Debug|Any CPU
		{FF1D0EBB-67C9-41EA-84F3-AE22F440A053}.Debug|Any CPU.Build.0 = Debug|Any CPU
		{FF1D0EBB-67C9-41EA-84F3-AE22F440A053}.Release|Any CPU.ActiveCfg = Release|Any CPU
		{FF1D0EBB-67C9-41EA-84F3-AE22F440A053}.Release|Any CPU.Build.0 = Release|Any CPU
	EndGlobalSection
	GlobalSection(SolutionProperties) = preSolution
		HideSolutionNode = FALSE
	EndGlobalSection
	GlobalSection(ExtensibilityGlobals) = postSolution
		SolutionGuid = {227FF2A9-D484-413E-B64B-8A50A62A6D3F}
	EndGlobalSection
EndGlobal
